// !$*UTF8*$!
{
	archiveVersion = 1;
	classes = {
	};
	objectVersion = 48;
	objects = {

/* Begin PBXBuildFile section */
		49DFB9E14F3D2C40343CB1A6 /* Pods_devslopes_social.framework in Frameworks */ = {isa = PBXBuildFile; fileRef = 0088B0A9720A849B2906D8BB /* Pods_devslopes_social.framework */; };
		E09310171F9B45A40075D546 /* AppDelegate.swift in Sources */ = {isa = PBXBuildFile; fileRef = E09310161F9B45A30075D546 /* AppDelegate.swift */; };
		E09310191F9B45A40075D546 /* SignInVC.swift in Sources */ = {isa = PBXBuildFile; fileRef = E09310181F9B45A40075D546 /* SignInVC.swift */; };
		E093101C1F9B45A40075D546 /* Main.storyboard in Resources */ = {isa = PBXBuildFile; fileRef = E093101A1F9B45A40075D546 /* Main.storyboard */; };
		E093101E1F9B45A40075D546 /* Assets.xcassets in Resources */ = {isa = PBXBuildFile; fileRef = E093101D1F9B45A40075D546 /* Assets.xcassets */; };
		E09310211F9B45A40075D546 /* LaunchScreen.storyboard in Resources */ = {isa = PBXBuildFile; fileRef = E093101F1F9B45A40075D546 /* LaunchScreen.storyboard */; };
		E09310291F9B46790075D546 /* GoogleService-Info.plist in Resources */ = {isa = PBXBuildFile; fileRef = E09310281F9B46780075D546 /* GoogleService-Info.plist */; };
		E0AB83C41FA12F1E0046DF24 /* FBSDKCoreKit.framework in Frameworks */ = {isa = PBXBuildFile; fileRef = E0AB83C21FA12F1E0046DF24 /* FBSDKCoreKit.framework */; };
		E0AB83C51FA12F1E0046DF24 /* FBSDKLoginKit.framework in Frameworks */ = {isa = PBXBuildFile; fileRef = E0AB83C31FA12F1E0046DF24 /* FBSDKLoginKit.framework */; };
		E0AB83C71FA1348A0046DF24 /* Bolts.framework in Frameworks */ = {isa = PBXBuildFile; fileRef = E0AB83C61FA134890046DF24 /* Bolts.framework */; };
		E0BB103E1F9F9D0D00B7C29E /* Constants.swift in Sources */ = {isa = PBXBuildFile; fileRef = E0BB103D1F9F9D0D00B7C29E /* Constants.swift */; };
		E0BB10401F9F9D7000B7C29E /* FancyView.swift in Sources */ = {isa = PBXBuildFile; fileRef = E0BB103F1F9F9D7000B7C29E /* FancyView.swift */; };
		E0BB10421F9F9E1000B7C29E /* FancyButton.swift in Sources */ = {isa = PBXBuildFile; fileRef = E0BB10411F9F9E1000B7C29E /* FancyButton.swift */; };
		E0BB10441F9F9EA700B7C29E /* FancyField.swift in Sources */ = {isa = PBXBuildFile; fileRef = E0BB10431F9F9EA700B7C29E /* FancyField.swift */; };
		E0BB10461F9F9F8900B7C29E /* RoundButton.swift in Sources */ = {isa = PBXBuildFile; fileRef = E0BB10451F9F9F8900B7C29E /* RoundButton.swift */; };
/* End PBXBuildFile section */

/* Begin PBXFileReference section */
		0088B0A9720A849B2906D8BB /* Pods_devslopes_social.framework */ = {isa = PBXFileReference; explicitFileType = wrapper.framework; includeInIndex = 0; path = Pods_devslopes_social.framework; sourceTree = BUILT_PRODUCTS_DIR; };
		333790D2F6D4862EB366FA84 /* Pods-devslopes-social.release.xcconfig */ = {isa = PBXFileReference; includeInIndex = 1; lastKnownFileType = text.xcconfig; name = "Pods-devslopes-social.release.xcconfig"; path = "Pods/Target Support Files/Pods-devslopes-social/Pods-devslopes-social.release.xcconfig"; sourceTree = "<group>"; };
		E09310131F9B45A30075D546 /* devslopes-social.app */ = {isa = PBXFileReference; explicitFileType = wrapper.application; includeInIndex = 0; path = "devslopes-social.app"; sourceTree = BUILT_PRODUCTS_DIR; };
		E09310161F9B45A30075D546 /* AppDelegate.swift */ = {isa = PBXFileReference; lastKnownFileType = sourcecode.swift; path = AppDelegate.swift; sourceTree = "<group>"; };
		E09310181F9B45A40075D546 /* SignInVC.swift */ = {isa = PBXFileReference; lastKnownFileType = sourcecode.swift; path = SignInVC.swift; sourceTree = "<group>"; };
		E093101B1F9B45A40075D546 /* Base */ = {isa = PBXFileReference; lastKnownFileType = file.storyboard; name = Base; path = Base.lproj/Main.storyboard; sourceTree = "<group>"; };
		E093101D1F9B45A40075D546 /* Assets.xcassets */ = {isa = PBXFileReference; lastKnownFileType = folder.assetcatalog; path = Assets.xcassets; sourceTree = "<group>"; };
		E09310201F9B45A40075D546 /* Base */ = {isa = PBXFileReference; lastKnownFileType = file.storyboard; name = Base; path = Base.lproj/LaunchScreen.storyboard; sourceTree = "<group>"; };
		E09310221F9B45A40075D546 /* Info.plist */ = {isa = PBXFileReference; lastKnownFileType = text.plist.xml; path = Info.plist; sourceTree = "<group>"; };
		E09310281F9B46780075D546 /* GoogleService-Info.plist */ = {isa = PBXFileReference; fileEncoding = 4; lastKnownFileType = text.plist.xml; path = "GoogleService-Info.plist"; sourceTree = "<group>"; };
		E0AB83C21FA12F1E0046DF24 /* FBSDKCoreKit.framework */ = {isa = PBXFileReference; lastKnownFileType = wrapper.framework; path = FBSDKCoreKit.framework; sourceTree = "<group>"; };
		E0AB83C31FA12F1E0046DF24 /* FBSDKLoginKit.framework */ = {isa = PBXFileReference; lastKnownFileType = wrapper.framework; path = FBSDKLoginKit.framework; sourceTree = "<group>"; };
		E0AB83C61FA134890046DF24 /* Bolts.framework */ = {isa = PBXFileReference; lastKnownFileType = wrapper.framework; path = Bolts.framework; sourceTree = "<group>"; };
		E0AB83C81FA144C50046DF24 /* devslopes-social.entitlements */ = {isa = PBXFileReference; lastKnownFileType = text.plist.entitlements; path = "devslopes-social.entitlements"; sourceTree = "<group>"; };
		E0BB103D1F9F9D0D00B7C29E /* Constants.swift */ = {isa = PBXFileReference; lastKnownFileType = sourcecode.swift; path = Constants.swift; sourceTree = "<group>"; };
		E0BB103F1F9F9D7000B7C29E /* FancyView.swift */ = {isa = PBXFileReference; lastKnownFileType = sourcecode.swift; path = FancyView.swift; sourceTree = "<group>"; };
		E0BB10411F9F9E1000B7C29E /* FancyButton.swift */ = {isa = PBXFileReference; lastKnownFileType = sourcecode.swift; path = FancyButton.swift; sourceTree = "<group>"; };
		E0BB10431F9F9EA700B7C29E /* FancyField.swift */ = {isa = PBXFileReference; lastKnownFileType = sourcecode.swift; path = FancyField.swift; sourceTree = "<group>"; };
		E0BB10451F9F9F8900B7C29E /* RoundButton.swift */ = {isa = PBXFileReference; lastKnownFileType = sourcecode.swift; path = RoundButton.swift; sourceTree = "<group>"; };
		F76C55B76AD3E8CD7021931D /* Pods-devslopes-social.debug.xcconfig */ = {isa = PBXFileReference; includeInIndex = 1; lastKnownFileType = text.xcconfig; name = "Pods-devslopes-social.debug.xcconfig"; path = "Pods/Target Support Files/Pods-devslopes-social/Pods-devslopes-social.debug.xcconfig"; sourceTree = "<group>"; };
/* End PBXFileReference section */

/* Begin PBXFrameworksBuildPhase section */
		E09310101F9B45A30075D546 /* Frameworks */ = {
			isa = PBXFrameworksBuildPhase;
			buildActionMask = 2147483647;
			files = (
				49DFB9E14F3D2C40343CB1A6 /* Pods_devslopes_social.framework in Frameworks */,
				E0AB83C41FA12F1E0046DF24 /* FBSDKCoreKit.framework in Frameworks */,
				E0AB83C51FA12F1E0046DF24 /* FBSDKLoginKit.framework in Frameworks */,
				E0AB83C71FA1348A0046DF24 /* Bolts.framework in Frameworks */,
			);
			runOnlyForDeploymentPostprocessing = 0;
		};
/* End PBXFrameworksBuildPhase section */

/* Begin PBXGroup section */
		39FA76F573068F0B1E0671D2 /* Pods */ = {
			isa = PBXGroup;
			children = (
				F76C55B76AD3E8CD7021931D /* Pods-devslopes-social.debug.xcconfig */,
				333790D2F6D4862EB366FA84 /* Pods-devslopes-social.release.xcconfig */,
			);
			name = Pods;
			sourceTree = "<group>";
		};
		AD45893464ACA755BF9BCCA6 /* Frameworks */ = {
			isa = PBXGroup;
			children = (
				E0AB83C61FA134890046DF24 /* Bolts.framework */,
				E0AB83C21FA12F1E0046DF24 /* FBSDKCoreKit.framework */,
				E0AB83C31FA12F1E0046DF24 /* FBSDKLoginKit.framework */,
				0088B0A9720A849B2906D8BB /* Pods_devslopes_social.framework */,
			);
			name = Frameworks;
			sourceTree = "<group>";
		};
		E093100A1F9B45A30075D546 = {
			isa = PBXGroup;
			children = (
				E09310151F9B45A30075D546 /* devslopes-social */,
				E09310141F9B45A30075D546 /* Products */,
				39FA76F573068F0B1E0671D2 /* Pods */,
				AD45893464ACA755BF9BCCA6 /* Frameworks */,
			);
			sourceTree = "<group>";
		};
		E09310141F9B45A30075D546 /* Products */ = {
			isa = PBXGroup;
			children = (
				E09310131F9B45A30075D546 /* devslopes-social.app */,
			);
			name = Products;
			sourceTree = "<group>";
		};
		E09310151F9B45A30075D546 /* devslopes-social */ = {
			isa = PBXGroup;
			children = (
				E0AB83C81FA144C50046DF24 /* devslopes-social.entitlements */,
				E093102A1F9B46BE0075D546 /* Supporting Files */,
				E093102B1F9B46CD0075D546 /* Resources */,
				E0BB103C1F9F9CF700B7C29E /* Util */,
				E093102C1F9B46D80075D546 /* Model */,
				E093102D1F9B46E20075D546 /* View */,
				E0CC28C61F9B4718007C01C8 /* Controller */,
				E093101A1F9B45A40075D546 /* Main.storyboard */,
			);
			path = "devslopes-social";
			sourceTree = "<group>";
		};
		E093102A1F9B46BE0075D546 /* Supporting Files */ = {
			isa = PBXGroup;
			children = (
				E09310161F9B45A30075D546 /* AppDelegate.swift */,
				E093101F1F9B45A40075D546 /* LaunchScreen.storyboard */,
				E09310221F9B45A40075D546 /* Info.plist */,
				E09310281F9B46780075D546 /* GoogleService-Info.plist */,
			);
			path = "Supporting Files";
			sourceTree = "<group>";
		};
		E093102B1F9B46CD0075D546 /* Resources */ = {
			isa = PBXGroup;
			children = (
				E093101D1F9B45A40075D546 /* Assets.xcassets */,
			);
			path = Resources;
			sourceTree = "<group>";
		};
		E093102C1F9B46D80075D546 /* Model */ = {
			isa = PBXGroup;
			children = (
			);
			path = Model;
			sourceTree = "<group>";
		};
		E093102D1F9B46E20075D546 /* View */ = {
			isa = PBXGroup;
			children = (
				E0BB103F1F9F9D7000B7C29E /* FancyView.swift */,
				E0BB10411F9F9E1000B7C29E /* FancyButton.swift */,
				E0BB10431F9F9EA700B7C29E /* FancyField.swift */,
				E0BB10451F9F9F8900B7C29E /* RoundButton.swift */,
			);
			path = View;
			sourceTree = "<group>";
		};
		E0BB103C1F9F9CF700B7C29E /* Util */ = {
			isa = PBXGroup;
			children = (
				E0BB103D1F9F9D0D00B7C29E /* Constants.swift */,
			);
			path = Util;
			sourceTree = "<group>";
		};
		E0CC28C61F9B4718007C01C8 /* Controller */ = {
			isa = PBXGroup;
			children = (
				E09310181F9B45A40075D546 /* SignInVC.swift */,
			);
			path = Controller;
			sourceTree = "<group>";
		};
/* End PBXGroup section */

/* Begin PBXNativeTarget section */
		E09310121F9B45A30075D546 /* devslopes-social */ = {
			isa = PBXNativeTarget;
			buildConfigurationList = E09310251F9B45A40075D546 /* Build configuration list for PBXNativeTarget "devslopes-social" */;
			buildPhases = (
				CA7C1C04FE75B2293559770D /* [CP] Check Pods Manifest.lock */,
				E093100F1F9B45A30075D546 /* Sources */,
				E09310101F9B45A30075D546 /* Frameworks */,
				E09310111F9B45A30075D546 /* Resources */,
				A665629A08A4804463F85B0D /* [CP] Embed Pods Frameworks */,
				4DA88D42F944AA307B3ABBA1 /* [CP] Copy Pods Resources */,
			);
			buildRules = (
			);
			dependencies = (
			);
			name = "devslopes-social";
			productName = "devslopes-social";
			productReference = E09310131F9B45A30075D546 /* devslopes-social.app */;
			productType = "com.apple.product-type.application";
		};
/* End PBXNativeTarget section */

/* Begin PBXProject section */
		E093100B1F9B45A30075D546 /* Project object */ = {
			isa = PBXProject;
			attributes = {
				LastSwiftUpdateCheck = 0900;
				LastUpgradeCheck = 0900;
				ORGANIZATIONNAME = "Ahmad Ragab";
				TargetAttributes = {
					E09310121F9B45A30075D546 = {
						CreatedOnToolsVersion = 9.0.1;
						ProvisioningStyle = Automatic;
						SystemCapabilities = {
							com.apple.Keychain = {
								enabled = 1;
							};
						};
					};
				};
			};
			buildConfigurationList = E093100E1F9B45A30075D546 /* Build configuration list for PBXProject "devslopes-social" */;
			compatibilityVersion = "Xcode 8.0";
			developmentRegion = en;
			hasScannedForEncodings = 0;
			knownRegions = (
				en,
				Base,
			);
			mainGroup = E093100A1F9B45A30075D546;
			productRefGroup = E09310141F9B45A30075D546 /* Products */;
			projectDirPath = "";
			projectRoot = "";
			targets = (
				E09310121F9B45A30075D546 /* devslopes-social */,
			);
		};
/* End PBXProject section */

/* Begin PBXResourcesBuildPhase section */
		E09310111F9B45A30075D546 /* Resources */ = {
			isa = PBXResourcesBuildPhase;
			buildActionMask = 2147483647;
			files = (
				E09310211F9B45A40075D546 /* LaunchScreen.storyboard in Resources */,
				E09310291F9B46790075D546 /* GoogleService-Info.plist in Resources */,
				E093101E1F9B45A40075D546 /* Assets.xcassets in Resources */,
				E093101C1F9B45A40075D546 /* Main.storyboard in Resources */,
			);
			runOnlyForDeploymentPostprocessing = 0;
		};
/* End PBXResourcesBuildPhase section */

/* Begin PBXShellScriptBuildPhase section */
		4DA88D42F944AA307B3ABBA1 /* [CP] Copy Pods Resources */ = {
			isa = PBXShellScriptBuildPhase;
			buildActionMask = 12;
			files = (
			);
			inputPaths = (
			);
			name = "[CP] Copy Pods Resources";
			outputPaths = (
			);
			runOnlyForDeploymentPostprocessing = 0;
			shellPath = /bin/sh;
			shellScript = "\"${SRCROOT}/Pods/Target Support Files/Pods-devslopes-social/Pods-devslopes-social-resources.sh\"\n";
			showEnvVarsInLog = 0;
		};
		A665629A08A4804463F85B0D /* [CP] Embed Pods Frameworks */ = {
			isa = PBXShellScriptBuildPhase;
			buildActionMask = 2147483647;
			files = (
			);
			inputPaths = (
			);
			name = "[CP] Embed Pods Frameworks";
			outputPaths = (
			);
			runOnlyForDeploymentPostprocessing = 0;
			shellPath = /bin/sh;
			shellScript = "\"${SRCROOT}/Pods/Target Support Files/Pods-devslopes-social/Pods-devslopes-social-frameworks.sh\"\n";
			showEnvVarsInLog = 0;
		};
		CA7C1C04FE75B2293559770D /* [CP] Check Pods Manifest.lock */ = {
			isa = PBXShellScriptBuildPhase;
			buildActionMask = 2147483647;
			files = (
			);
			inputPaths = (
			);
			name = "[CP] Check Pods Manifest.lock";
			outputPaths = (
			);
			runOnlyForDeploymentPostprocessing = 0;
			shellPath = /bin/sh;
			shellScript = "diff \"${PODS_ROOT}/../Podfile.lock\" \"${PODS_ROOT}/Manifest.lock\" > /dev/null\nif [ $? != 0 ] ; then\n    # print error to STDERR\n    echo \"error: The sandbox is not in sync with the Podfile.lock. Run 'pod install' or update your CocoaPods installation.\" >&2\n    exit 1\nfi\n";
			showEnvVarsInLog = 0;
		};
/* End PBXShellScriptBuildPhase section */

/* Begin PBXSourcesBuildPhase section */
		E093100F1F9B45A30075D546 /* Sources */ = {
			isa = PBXSourcesBuildPhase;
			buildActionMask = 2147483647;
			files = (
				E0BB10441F9F9EA700B7C29E /* FancyField.swift in Sources */,
				E09310191F9B45A40075D546 /* SignInVC.swift in Sources */,
				E0BB10461F9F9F8900B7C29E /* RoundButton.swift in Sources */,
				E09310171F9B45A40075D546 /* AppDelegate.swift in Sources */,
				E0BB10401F9F9D7000B7C29E /* FancyView.swift in Sources */,
				E0BB103E1F9F9D0D00B7C29E /* Constants.swift in Sources */,
				E0BB10421F9F9E1000B7C29E /* FancyButton.swift in Sources */,
			);
			runOnlyForDeploymentPostprocessing = 0;
		};
/* End PBXSourcesBuildPhase section */

/* Begin PBXVariantGroup section */
		E093101A1F9B45A40075D546 /* Main.storyboard */ = {
			isa = PBXVariantGroup;
			children = (
				E093101B1F9B45A40075D546 /* Base */,
			);
			name = Main.storyboard;
			sourceTree = "<group>";
		};
		E093101F1F9B45A40075D546 /* LaunchScreen.storyboard */ = {
			isa = PBXVariantGroup;
			children = (
				E09310201F9B45A40075D546 /* Base */,
			);
			name = LaunchScreen.storyboard;
			sourceTree = "<group>";
		};
/* End PBXVariantGroup section */

/* Begin XCBuildConfiguration section */
		E09310231F9B45A40075D546 /* Debug */ = {
			isa = XCBuildConfiguration;
			buildSettings = {
				ALWAYS_SEARCH_USER_PATHS = NO;
				CLANG_ANALYZER_NONNULL = YES;
				CLANG_ANALYZER_NUMBER_OBJECT_CONVERSION = YES_AGGRESSIVE;
				CLANG_CXX_LANGUAGE_STANDARD = "gnu++14";
				CLANG_CXX_LIBRARY = "libc++";
				CLANG_ENABLE_MODULES = YES;
				CLANG_ENABLE_OBJC_ARC = YES;
				CLANG_WARN_BLOCK_CAPTURE_AUTORELEASING = YES;
				CLANG_WARN_BOOL_CONVERSION = YES;
				CLANG_WARN_COMMA = YES;
				CLANG_WARN_CONSTANT_CONVERSION = YES;
				CLANG_WARN_DIRECT_OBJC_ISA_USAGE = YES_ERROR;
				CLANG_WARN_DOCUMENTATION_COMMENTS = YES;
				CLANG_WARN_EMPTY_BODY = YES;
				CLANG_WARN_ENUM_CONVERSION = YES;
				CLANG_WARN_INFINITE_RECURSION = YES;
				CLANG_WARN_INT_CONVERSION = YES;
				CLANG_WARN_NON_LITERAL_NULL_CONVERSION = YES;
				CLANG_WARN_OBJC_LITERAL_CONVERSION = YES;
				CLANG_WARN_OBJC_ROOT_CLASS = YES_ERROR;
				CLANG_WARN_RANGE_LOOP_ANALYSIS = YES;
				CLANG_WARN_STRICT_PROTOTYPES = YES;
				CLANG_WARN_SUSPICIOUS_MOVE = YES;
				CLANG_WARN_UNGUARDED_AVAILABILITY = YES_AGGRESSIVE;
				CLANG_WARN_UNREACHABLE_CODE = YES;
				CLANG_WARN__DUPLICATE_METHOD_MATCH = YES;
				CODE_SIGN_IDENTITY = "iPhone Developer";
				COPY_PHASE_STRIP = NO;
				DEBUG_INFORMATION_FORMAT = dwarf;
				ENABLE_STRICT_OBJC_MSGSEND = YES;
				ENABLE_TESTABILITY = YES;
				GCC_C_LANGUAGE_STANDARD = gnu11;
				GCC_DYNAMIC_NO_PIC = NO;
				GCC_NO_COMMON_BLOCKS = YES;
				GCC_OPTIMIZATION_LEVEL = 0;
				GCC_PREPROCESSOR_DEFINITIONS = (
					"DEBUG=1",
					"$(inherited)",
				);
				GCC_WARN_64_TO_32_BIT_CONVERSION = YES;
				GCC_WARN_ABOUT_RETURN_TYPE = YES_ERROR;
				GCC_WARN_UNDECLARED_SELECTOR = YES;
				GCC_WARN_UNINITIALIZED_AUTOS = YES_AGGRESSIVE;
				GCC_WARN_UNUSED_FUNCTION = YES;
				GCC_WARN_UNUSED_VARIABLE = YES;
				IPHONEOS_DEPLOYMENT_TARGET = 11.0;
				MTL_ENABLE_DEBUG_INFO = YES;
				ONLY_ACTIVE_ARCH = YES;
				SDKROOT = iphoneos;
				SWIFT_ACTIVE_COMPILATION_CONDITIONS = DEBUG;
				SWIFT_OPTIMIZATION_LEVEL = "-Onone";
			};
			name = Debug;
		};
		E09310241F9B45A40075D546 /* Release */ = {
			isa = XCBuildConfiguration;
			buildSettings = {
				ALWAYS_SEARCH_USER_PATHS = NO;
				CLANG_ANALYZER_NONNULL = YES;
				CLANG_ANALYZER_NUMBER_OBJECT_CONVERSION = YES_AGGRESSIVE;
				CLANG_CXX_LANGUAGE_STANDARD = "gnu++14";
				CLANG_CXX_LIBRARY = "libc++";
				CLANG_ENABLE_MODULES = YES;
				CLANG_ENABLE_OBJC_ARC = YES;
				CLANG_WARN_BLOCK_CAPTURE_AUTORELEASING = YES;
				CLANG_WARN_BOOL_CONVERSION = YES;
				CLANG_WARN_COMMA = YES;
				CLANG_WARN_CONSTANT_CONVERSION = YES;
				CLANG_WARN_DIRECT_OBJC_ISA_USAGE = YES_ERROR;
				CLANG_WARN_DOCUMENTATION_COMMENTS = YES;
				CLANG_WARN_EMPTY_BODY = YES;
				CLANG_WARN_ENUM_CONVERSION = YES;
				CLANG_WARN_INFINITE_RECURSION = YES;
				CLANG_WARN_INT_CONVERSION = YES;
				CLANG_WARN_NON_LITERAL_NULL_CONVERSION = YES;
				CLANG_WARN_OBJC_LITERAL_CONVERSION = YES;
				CLANG_WARN_OBJC_ROOT_CLASS = YES_ERROR;
				CLANG_WARN_RANGE_LOOP_ANALYSIS = YES;
				CLANG_WARN_STRICT_PROTOTYPES = YES;
				CLANG_WARN_SUSPICIOUS_MOVE = YES;
				CLANG_WARN_UNGUARDED_AVAILABILITY = YES_AGGRESSIVE;
				CLANG_WARN_UNREACHABLE_CODE = YES;
				CLANG_WARN__DUPLICATE_METHOD_MATCH = YES;
				CODE_SIGN_IDENTITY = "iPhone Developer";
				COPY_PHASE_STRIP = NO;
				DEBUG_INFORMATION_FORMAT = "dwarf-with-dsym";
				ENABLE_NS_ASSERTIONS = NO;
				ENABLE_STRICT_OBJC_MSGSEND = YES;
				GCC_C_LANGUAGE_STANDARD = gnu11;
				GCC_NO_COMMON_BLOCKS = YES;
				GCC_WARN_64_TO_32_BIT_CONVERSION = YES;
				GCC_WARN_ABOUT_RETURN_TYPE = YES_ERROR;
				GCC_WARN_UNDECLARED_SELECTOR = YES;
				GCC_WARN_UNINITIALIZED_AUTOS = YES_AGGRESSIVE;
				GCC_WARN_UNUSED_FUNCTION = YES;
				GCC_WARN_UNUSED_VARIABLE = YES;
				IPHONEOS_DEPLOYMENT_TARGET = 11.0;
				MTL_ENABLE_DEBUG_INFO = NO;
				SDKROOT = iphoneos;
				SWIFT_OPTIMIZATION_LEVEL = "-Owholemodule";
				VALIDATE_PRODUCT = YES;
			};
			name = Release;
		};
		E09310261F9B45A40075D546 /* Debug */ = {
			isa = XCBuildConfiguration;
			baseConfigurationReference = F76C55B76AD3E8CD7021931D /* Pods-devslopes-social.debug.xcconfig */;
			buildSettings = {
				ASSETCATALOG_COMPILER_APPICON_NAME = AppIcon;
				CODE_SIGN_ENTITLEMENTS = "devslopes-social/devslopes-social.entitlements";
				CODE_SIGN_STYLE = Automatic;
				DEVELOPMENT_TEAM = 4B6HF4627C;
				FRAMEWORK_SEARCH_PATHS = (
					"$(inherited)",
					"$(PROJECT_DIR)",
				);
				INFOPLIST_FILE = "$(SRCROOT)/devslopes-social/Supporting Files/Info.plist";
				LD_RUNPATH_SEARCH_PATHS = "$(inherited) @executable_path/Frameworks";
				PRODUCT_BUNDLE_IDENTIFIER = "com.AhmadApps.devslopes-social";
				PRODUCT_NAME = "$(TARGET_NAME)";
				SWIFT_VERSION = 4.0;
				TARGETED_DEVICE_FAMILY = "1,2";
			};
			name = Debug;
		};
		E09310271F9B45A40075D546 /* Release */ = {
			isa = XCBuildConfiguration;
			baseConfigurationReference = 333790D2F6D4862EB366FA84 /* Pods-devslopes-social.release.xcconfig */;
			buildSettings = {
				ASSETCATALOG_COMPILER_APPICON_NAME = AppIcon;
				CODE_SIGN_ENTITLEMENTS = "devslopes-social/devslopes-social.entitlements";
				CODE_SIGN_STYLE = Automatic;
				DEVELOPMENT_TEAM = 4B6HF4627C;
				FRAMEWORK_SEARCH_PATHS = (
					"$(inherited)",
					"$(PROJECT_DIR)",
				);
				INFOPLIST_FILE = "$(SRCROOT)/devslopes-social/Supporting Files/Info.plist";
				LD_RUNPATH_SEARCH_PATHS = "$(inherited) @executable_path/Frameworks";
				PRODUCT_BUNDLE_IDENTIFIER = "com.AhmadApps.devslopes-social";
				PRODUCT_NAME = "$(TARGET_NAME)";
				SWIFT_VERSION = 4.0;
				TARGETED_DEVICE_FAMILY = "1,2";
			};
			name = Release;
		};
/* End XCBuildConfiguration section */

/* Begin XCConfigurationList section */
		E093100E1F9B45A30075D546 /* Build configuration list for PBXProject "devslopes-social" */ = {
			isa = XCConfigurationList;
			buildConfigurations = (
				E09310231F9B45A40075D546 /* Debug */,
				E09310241F9B45A40075D546 /* Release */,
			);
			defaultConfigurationIsVisible = 0;
			defaultConfigurationName = Release;
		};
		E09310251F9B45A40075D546 /* Build configuration list for PBXNativeTarget "devslopes-social" */ = {
			isa = XCConfigurationList;
			buildConfigurations = (
				E09310261F9B45A40075D546 /* Debug */,
				E09310271F9B45A40075D546 /* Release */,
			);
			defaultConfigurationIsVisible = 0;
			defaultConfigurationName = Release;
		};
/* End XCConfigurationList section */
	};
	rootObject = E093100B1F9B45A30075D546 /* Project object */;
}
